// !$*UTF8*$!
{
	archiveVersion = 1;
	classes = {
	};
	objectVersion = 46;
	objects = {

/* Begin PBXBuildFile section */
		7C618856E1BD73D3C3999263 /* libPods.a in Frameworks */ = {isa = PBXBuildFile; fileRef = 2B7A6860F36502292C56358B /* libPods.a */; };
		8100613C1CEFFE17004C88E4 /* AdvertInfo.m in Sources */ = {isa = PBXBuildFile; fileRef = 8100613B1CEFFE17004C88E4 /* AdvertInfo.m */; };
		810061531CF066EB004C88E4 /* AdvertCell.m in Sources */ = {isa = PBXBuildFile; fileRef = 8100614E1CF066EB004C88E4 /* AdvertCell.m */; };
		810061541CF066EB004C88E4 /* AdvertCell.xib in Resources */ = {isa = PBXBuildFile; fileRef = 8100614F1CF066EB004C88E4 /* AdvertCell.xib */; };
		810061551CF066EB004C88E4 /* AdvertView.m in Sources */ = {isa = PBXBuildFile; fileRef = 810061511CF066EB004C88E4 /* AdvertView.m */; };
		810061561CF066EB004C88E4 /* AdvertView.xib in Resources */ = {isa = PBXBuildFile; fileRef = 810061521CF066EB004C88E4 /* AdvertView.xib */; };
		810061601CF06C33004C88E4 /* ADManager.m in Sources */ = {isa = PBXBuildFile; fileRef = 8100615F1CF06C33004C88E4 /* ADManager.m */; };
		818005B31CEF08690063DA43 /* main.m in Sources */ = {isa = PBXBuildFile; fileRef = 818005B21CEF08690063DA43 /* main.m */; };
		818005B61CEF08690063DA43 /* AppDelegate.m in Sources */ = {isa = PBXBuildFile; fileRef = 818005B51CEF08690063DA43 /* AppDelegate.m */; };
		818005BC1CEF08690063DA43 /* Main.storyboard in Resources */ = {isa = PBXBuildFile; fileRef = 818005BA1CEF08690063DA43 /* Main.storyboard */; };
		818005BE1CEF08690063DA43 /* Assets.xcassets in Resources */ = {isa = PBXBuildFile; fileRef = 818005BD1CEF08690063DA43 /* Assets.xcassets */; };
		818005C11CEF08690063DA43 /* LaunchScreen.storyboard in Resources */ = {isa = PBXBuildFile; fileRef = 818005BF1CEF08690063DA43 /* LaunchScreen.storyboard */; };
		818005D01CEF08950063DA43 /* Ad.m in Sources */ = {isa = PBXBuildFile; fileRef = 818005CB1CEF08950063DA43 /* Ad.m */; };
		818005D11CEF08950063DA43 /* Dom.m in Sources */ = {isa = PBXBuildFile; fileRef = 818005CE1CEF08950063DA43 /* Dom.m */; };
		81DBDFDB1CEF1DEA009A896D /* ViewController.m in Sources */ = {isa = PBXBuildFile; fileRef = 81DBDFDA1CEF1DEA009A896D /* ViewController.m */; };
/* End PBXBuildFile section */

/* Begin PBXFileReference section */
		2B7A6860F36502292C56358B /* libPods.a */ = {isa = PBXFileReference; explicitFileType = archive.ar; includeInIndex = 0; path = libPods.a; sourceTree = BUILT_PRODUCTS_DIR; };
		392CC609B7B8152D4F4312E1 /* Pods.release.xcconfig */ = {isa = PBXFileReference; includeInIndex = 1; lastKnownFileType = text.xcconfig; name = Pods.release.xcconfig; path = "Pods/Target Support Files/Pods/Pods.release.xcconfig"; sourceTree = "<group>"; };
		8100613A1CEFFE17004C88E4 /* AdvertInfo.h */ = {isa = PBXFileReference; fileEncoding = 4; lastKnownFileType = sourcecode.c.h; path = AdvertInfo.h; sourceTree = "<group>"; };
		8100613B1CEFFE17004C88E4 /* AdvertInfo.m */ = {isa = PBXFileReference; fileEncoding = 4; lastKnownFileType = sourcecode.c.objc; path = AdvertInfo.m; sourceTree = "<group>"; };
		8100614D1CF066EB004C88E4 /* AdvertCell.h */ = {isa = PBXFileReference; fileEncoding = 4; lastKnownFileType = sourcecode.c.h; path = AdvertCell.h; sourceTree = "<group>"; };
		8100614E1CF066EB004C88E4 /* AdvertCell.m */ = {isa = PBXFileReference; fileEncoding = 4; lastKnownFileType = sourcecode.c.objc; path = AdvertCell.m; sourceTree = "<group>"; };
		8100614F1CF066EB004C88E4 /* AdvertCell.xib */ = {isa = PBXFileReference; fileEncoding = 4; lastKnownFileType = file.xib; path = AdvertCell.xib; sourceTree = "<group>"; };
		810061501CF066EB004C88E4 /* AdvertView.h */ = {isa = PBXFileReference; fileEncoding = 4; lastKnownFileType = sourcecode.c.h; path = AdvertView.h; sourceTree = "<group>"; };
		810061511CF066EB004C88E4 /* AdvertView.m */ = {isa = PBXFileReference; fileEncoding = 4; lastKnownFileType = sourcecode.c.objc; path = AdvertView.m; sourceTree = "<group>"; };
		810061521CF066EB004C88E4 /* AdvertView.xib */ = {isa = PBXFileReference; fileEncoding = 4; lastKnownFileType = file.xib; path = AdvertView.xib; sourceTree = "<group>"; };
		8100615E1CF06C33004C88E4 /* ADManager.h */ = {isa = PBXFileReference; fileEncoding = 4; lastKnownFileType = sourcecode.c.h; path = ADManager.h; sourceTree = "<group>"; };
		8100615F1CF06C33004C88E4 /* ADManager.m */ = {isa = PBXFileReference; fileEncoding = 4; lastKnownFileType = sourcecode.c.objc; path = ADManager.m; sourceTree = "<group>"; };
		818005AE1CEF08690063DA43 /* SPADManagerExample.app */ = {isa = PBXFileReference; explicitFileType = wrapper.application; includeInIndex = 0; path = SPADManagerExample.app; sourceTree = BUILT_PRODUCTS_DIR; };
		818005B21CEF08690063DA43 /* main.m */ = {isa = PBXFileReference; lastKnownFileType = sourcecode.c.objc; path = main.m; sourceTree = "<group>"; };
		818005B41CEF08690063DA43 /* AppDelegate.h */ = {isa = PBXFileReference; lastKnownFileType = sourcecode.c.h; path = AppDelegate.h; sourceTree = "<group>"; };
		818005B51CEF08690063DA43 /* AppDelegate.m */ = {isa = PBXFileReference; lastKnownFileType = sourcecode.c.objc; path = AppDelegate.m; sourceTree = "<group>"; };
		818005BB1CEF08690063DA43 /* Base */ = {isa = PBXFileReference; lastKnownFileType = file.storyboard; name = Base; path = Base.lproj/Main.storyboard; sourceTree = "<group>"; };
		818005BD1CEF08690063DA43 /* Assets.xcassets */ = {isa = PBXFileReference; lastKnownFileType = folder.assetcatalog; path = Assets.xcassets; sourceTree = "<group>"; };
		818005C01CEF08690063DA43 /* Base */ = {isa = PBXFileReference; lastKnownFileType = file.storyboard; name = Base; path = Base.lproj/LaunchScreen.storyboard; sourceTree = "<group>"; };
		818005C21CEF08690063DA43 /* Info.plist */ = {isa = PBXFileReference; lastKnownFileType = text.plist.xml; path = Info.plist; sourceTree = "<group>"; };
		818005CA1CEF08950063DA43 /* Ad.h */ = {isa = PBXFileReference; fileEncoding = 4; lastKnownFileType = sourcecode.c.h; path = Ad.h; sourceTree = "<group>"; };
		818005CB1CEF08950063DA43 /* Ad.m */ = {isa = PBXFileReference; fileEncoding = 4; lastKnownFileType = sourcecode.c.objc; path = Ad.m; sourceTree = "<group>"; };
		818005CD1CEF08950063DA43 /* Dom.h */ = {isa = PBXFileReference; fileEncoding = 4; lastKnownFileType = sourcecode.c.h; path = Dom.h; sourceTree = "<group>"; };
		818005CE1CEF08950063DA43 /* Dom.m */ = {isa = PBXFileReference; fileEncoding = 4; lastKnownFileType = sourcecode.c.objc; path = Dom.m; sourceTree = "<group>"; };
		818005CF1CEF08950063DA43 /* SPADManager.h */ = {isa = PBXFileReference; fileEncoding = 4; lastKnownFileType = sourcecode.c.h; path = SPADManager.h; sourceTree = "<group>"; };
		81DBDFD91CEF1DEA009A896D /* ViewController.h */ = {isa = PBXFileReference; fileEncoding = 4; lastKnownFileType = sourcecode.c.h; path = ViewController.h; sourceTree = "<group>"; };
		81DBDFDA1CEF1DEA009A896D /* ViewController.m */ = {isa = PBXFileReference; fileEncoding = 4; lastKnownFileType = sourcecode.c.objc; path = ViewController.m; sourceTree = "<group>"; };
		E6B6CDCDA568CFD42BB263B1 /* Pods.debug.xcconfig */ = {isa = PBXFileReference; includeInIndex = 1; lastKnownFileType = text.xcconfig; name = Pods.debug.xcconfig; path = "Pods/Target Support Files/Pods/Pods.debug.xcconfig"; sourceTree = "<group>"; };
/* End PBXFileReference section */

/* Begin PBXFrameworksBuildPhase section */
		818005AB1CEF08690063DA43 /* Frameworks */ = {
			isa = PBXFrameworksBuildPhase;
			buildActionMask = 2147483647;
			files = (
				7C618856E1BD73D3C3999263 /* libPods.a in Frameworks */,
			);
			runOnlyForDeploymentPostprocessing = 0;
		};
/* End PBXFrameworksBuildPhase section */

/* Begin PBXGroup section */
		810061391CEFFDE8004C88E4 /* Model */ = {
			isa = PBXGroup;
			children = (
				8100613A1CEFFE17004C88E4 /* AdvertInfo.h */,
				8100613B1CEFFE17004C88E4 /* AdvertInfo.m */,
			);
			path = Model;
			sourceTree = "<group>";
		};
		8100614C1CF066EB004C88E4 /* Views */ = {
			isa = PBXGroup;
			children = (
				8100614D1CF066EB004C88E4 /* AdvertCell.h */,
				8100614E1CF066EB004C88E4 /* AdvertCell.m */,
				8100614F1CF066EB004C88E4 /* AdvertCell.xib */,
				810061501CF066EB004C88E4 /* AdvertView.h */,
				810061511CF066EB004C88E4 /* AdvertView.m */,
				810061521CF066EB004C88E4 /* AdvertView.xib */,
				8100615E1CF06C33004C88E4 /* ADManager.h */,
				8100615F1CF06C33004C88E4 /* ADManager.m */,
			);
			path = Views;
			sourceTree = "<group>";
		};
		818005A51CEF08690063DA43 = {
			isa = PBXGroup;
			children = (
				818005B01CEF08690063DA43 /* SPADManagerExample */,
				818005AF1CEF08690063DA43 /* Products */,
				818005D21CEF08A30063DA43 /* Frameworks */,
				A6FE3F7E660398EC33CA9EA2 /* Pods */,
			);
			sourceTree = "<group>";
		};
		818005AF1CEF08690063DA43 /* Products */ = {
			isa = PBXGroup;
			children = (
				818005AE1CEF08690063DA43 /* SPADManagerExample.app */,
			);
			name = Products;
			sourceTree = "<group>";
		};
		818005B01CEF08690063DA43 /* SPADManagerExample */ = {
			isa = PBXGroup;
			children = (
				818005C81CEF08950063DA43 /* SPADManager */,
				818005B41CEF08690063DA43 /* AppDelegate.h */,
				818005B51CEF08690063DA43 /* AppDelegate.m */,
				81DBDFD91CEF1DEA009A896D /* ViewController.h */,
				81DBDFDA1CEF1DEA009A896D /* ViewController.m */,
				818005BA1CEF08690063DA43 /* Main.storyboard */,
				818005BD1CEF08690063DA43 /* Assets.xcassets */,
				818005B11CEF08690063DA43 /* Supporting Files */,
			);
			path = SPADManagerExample;
			sourceTree = "<group>";
		};
		818005B11CEF08690063DA43 /* Supporting Files */ = {
			isa = PBXGroup;
			children = (
				818005BF1CEF08690063DA43 /* LaunchScreen.storyboard */,
				818005B21CEF08690063DA43 /* main.m */,
				818005C21CEF08690063DA43 /* Info.plist */,
			);
			name = "Supporting Files";
			sourceTree = "<group>";
		};
		818005C81CEF08950063DA43 /* SPADManager */ = {
			isa = PBXGroup;
			children = (
				8100614C1CF066EB004C88E4 /* Views */,
				810061391CEFFDE8004C88E4 /* Model */,
				818005C91CEF08950063DA43 /* AdMob */,
				818005CC1CEF08950063DA43 /* DomMob */,
				818005CF1CEF08950063DA43 /* SPADManager.h */,
			);
			path = SPADManager;
			sourceTree = "<group>";
		};
		818005C91CEF08950063DA43 /* AdMob */ = {
			isa = PBXGroup;
			children = (
				818005CA1CEF08950063DA43 /* Ad.h */,
				818005CB1CEF08950063DA43 /* Ad.m */,
			);
			path = AdMob;
			sourceTree = "<group>";
		};
		818005CC1CEF08950063DA43 /* DomMob */ = {
			isa = PBXGroup;
			children = (
				818005CD1CEF08950063DA43 /* Dom.h */,
				818005CE1CEF08950063DA43 /* Dom.m */,
			);
			path = DomMob;
			sourceTree = "<group>";
		};
		818005D21CEF08A30063DA43 /* Frameworks */ = {
			isa = PBXGroup;
			children = (
				2B7A6860F36502292C56358B /* libPods.a */,
			);
			path = Frameworks;
			sourceTree = "<group>";
		};
		A6FE3F7E660398EC33CA9EA2 /* Pods */ = {
			isa = PBXGroup;
			children = (
				E6B6CDCDA568CFD42BB263B1 /* Pods.debug.xcconfig */,
				392CC609B7B8152D4F4312E1 /* Pods.release.xcconfig */,
			);
			name = Pods;
			sourceTree = "<group>";
		};
/* End PBXGroup section */

/* Begin PBXNativeTarget section */
		818005AD1CEF08690063DA43 /* SPADManagerExample */ = {
			isa = PBXNativeTarget;
			buildConfigurationList = 818005C51CEF08690063DA43 /* Build configuration list for PBXNativeTarget "SPADManagerExample" */;
			buildPhases = (
				7DFE7EF9DEC15DF5040A95AB /* Check Pods Manifest.lock */,
				818005AA1CEF08690063DA43 /* Sources */,
				818005AB1CEF08690063DA43 /* Frameworks */,
				818005AC1CEF08690063DA43 /* Resources */,
				96A4C674C3A28FD1806D51A6 /* Embed Pods Frameworks */,
				2BE10EBAC5CE3815A194F556 /* Copy Pods Resources */,
			);
			buildRules = (
			);
			dependencies = (
			);
			name = SPADManagerExample;
			productName = SPADManagerExample;
			productReference = 818005AE1CEF08690063DA43 /* SPADManagerExample.app */;
			productType = "com.apple.product-type.application";
		};
/* End PBXNativeTarget section */

/* Begin PBXProject section */
		818005A61CEF08690063DA43 /* Project object */ = {
			isa = PBXProject;
			attributes = {
				LastUpgradeCheck = 0730;
				ORGANIZATIONNAME = "易云世纪科技";
				TargetAttributes = {
					818005AD1CEF08690063DA43 = {
						CreatedOnToolsVersion = 7.3.1;
					};
				};
			};
			buildConfigurationList = 818005A91CEF08690063DA43 /* Build configuration list for PBXProject "SPADManagerExample" */;
			compatibilityVersion = "Xcode 3.2";
			developmentRegion = English;
			hasScannedForEncodings = 0;
			knownRegions = (
				en,
				Base,
			);
			mainGroup = 818005A51CEF08690063DA43;
			productRefGroup = 818005AF1CEF08690063DA43 /* Products */;
			projectDirPath = "";
			projectRoot = "";
			targets = (
				818005AD1CEF08690063DA43 /* SPADManagerExample */,
			);
		};
/* End PBXProject section */

/* Begin PBXResourcesBuildPhase section */
		818005AC1CEF08690063DA43 /* Resources */ = {
			isa = PBXResourcesBuildPhase;
			buildActionMask = 2147483647;
			files = (
				818005C11CEF08690063DA43 /* LaunchScreen.storyboard in Resources */,
				810061541CF066EB004C88E4 /* AdvertCell.xib in Resources */,
				818005BE1CEF08690063DA43 /* Assets.xcassets in Resources */,
				818005BC1CEF08690063DA43 /* Main.storyboard in Resources */,
				810061561CF066EB004C88E4 /* AdvertView.xib in Resources */,
			);
			runOnlyForDeploymentPostprocessing = 0;
		};
/* End PBXResourcesBuildPhase section */

/* Begin PBXShellScriptBuildPhase section */
		2BE10EBAC5CE3815A194F556 /* Copy Pods Resources */ = {
			isa = PBXShellScriptBuildPhase;
			buildActionMask = 2147483647;
			files = (
			);
			inputPaths = (
			);
			name = "Copy Pods Resources";
			outputPaths = (
			);
			runOnlyForDeploymentPostprocessing = 0;
			shellPath = /bin/sh;
			shellScript = "\"${SRCROOT}/Pods/Target Support Files/Pods/Pods-resources.sh\"\n";
			showEnvVarsInLog = 0;
		};
		7DFE7EF9DEC15DF5040A95AB /* Check Pods Manifest.lock */ = {
			isa = PBXShellScriptBuildPhase;
			buildActionMask = 2147483647;
			files = (
			);
			inputPaths = (
			);
			name = "Check Pods Manifest.lock";
			outputPaths = (
			);
			runOnlyForDeploymentPostprocessing = 0;
			shellPath = /bin/sh;
			shellScript = "diff \"${PODS_ROOT}/../Podfile.lock\" \"${PODS_ROOT}/Manifest.lock\" > /dev/null\nif [[ $? != 0 ]] ; then\n    cat << EOM\nerror: The sandbox is not in sync with the Podfile.lock. Run 'pod install' or update your CocoaPods installation.\nEOM\n    exit 1\nfi\n";
			showEnvVarsInLog = 0;
		};
		96A4C674C3A28FD1806D51A6 /* Embed Pods Frameworks */ = {
			isa = PBXShellScriptBuildPhase;
			buildActionMask = 2147483647;
			files = (
			);
			inputPaths = (
			);
			name = "Embed Pods Frameworks";
			outputPaths = (
			);
			runOnlyForDeploymentPostprocessing = 0;
			shellPath = /bin/sh;
			shellScript = "\"${SRCROOT}/Pods/Target Support Files/Pods/Pods-frameworks.sh\"\n";
			showEnvVarsInLog = 0;
		};
/* End PBXShellScriptBuildPhase section */

/* Begin PBXSourcesBuildPhase section */
		818005AA1CEF08690063DA43 /* Sources */ = {
			isa = PBXSourcesBuildPhase;
			buildActionMask = 2147483647;
			files = (
				818005D01CEF08950063DA43 /* Ad.m in Sources */,
				8100613C1CEFFE17004C88E4 /* AdvertInfo.m in Sources */,
				810061551CF066EB004C88E4 /* AdvertView.m in Sources */,
				818005B61CEF08690063DA43 /* AppDelegate.m in Sources */,
				818005B31CEF08690063DA43 /* main.m in Sources */,
				818005D11CEF08950063DA43 /* Dom.m in Sources */,
				810061531CF066EB004C88E4 /* AdvertCell.m in Sources */,
				810061601CF06C33004C88E4 /* ADManager.m in Sources */,
				81DBDFDB1CEF1DEA009A896D /* ViewController.m in Sources */,
			);
			runOnlyForDeploymentPostprocessing = 0;
		};
/* End PBXSourcesBuildPhase section */

/* Begin PBXVariantGroup section */
		818005BA1CEF08690063DA43 /* Main.storyboard */ = {
			isa = PBXVariantGroup;
			children = (
				818005BB1CEF08690063DA43 /* Base */,
			);
			name = Main.storyboard;
			sourceTree = "<group>";
		};
		818005BF1CEF08690063DA43 /* LaunchScreen.storyboard */ = {
			isa = PBXVariantGroup;
			children = (
				818005C01CEF08690063DA43 /* Base */,
			);
			name = LaunchScreen.storyboard;
			sourceTree = "<group>";
		};
/* End PBXVariantGroup section */

/* Begin XCBuildConfiguration section */
		818005C31CEF08690063DA43 /* Debug */ = {
			isa = XCBuildConfiguration;
			buildSettings = {
				ALWAYS_SEARCH_USER_PATHS = NO;
				CLANG_ANALYZER_NONNULL = YES;
				CLANG_CXX_LANGUAGE_STANDARD = "gnu++0x";
				CLANG_CXX_LIBRARY = "libc++";
				CLANG_ENABLE_MODULES = YES;
				CLANG_ENABLE_OBJC_ARC = YES;
				CLANG_WARN_BOOL_CONVERSION = YES;
				CLANG_WARN_CONSTANT_CONVERSION = YES;
				CLANG_WARN_DIRECT_OBJC_ISA_USAGE = YES_ERROR;
				CLANG_WARN_EMPTY_BODY = YES;
				CLANG_WARN_ENUM_CONVERSION = YES;
				CLANG_WARN_INT_CONVERSION = YES;
				CLANG_WARN_OBJC_ROOT_CLASS = YES_ERROR;
				CLANG_WARN_UNREACHABLE_CODE = YES;
				CLANG_WARN__DUPLICATE_METHOD_MATCH = YES;
				"CODE_SIGN_IDENTITY[sdk=iphoneos*]" = "iPhone Developer";
				COPY_PHASE_STRIP = NO;
				DEBUG_INFORMATION_FORMAT = dwarf;
				ENABLE_STRICT_OBJC_MSGSEND = YES;
				ENABLE_TESTABILITY = YES;
				GCC_C_LANGUAGE_STANDARD = gnu99;
				GCC_DYNAMIC_NO_PIC = NO;
				GCC_NO_COMMON_BLOCKS = YES;
				GCC_OPTIMIZATION_LEVEL = 0;
				GCC_PREPROCESSOR_DEFINITIONS = (
					"DEBUG=1",
					"$(inherited)",
				);
				GCC_WARN_64_TO_32_BIT_CONVERSION = YES;
				GCC_WARN_ABOUT_RETURN_TYPE = YES_ERROR;
				GCC_WARN_UNDECLARED_SELECTOR = YES;
				GCC_WARN_UNINITIALIZED_AUTOS = YES_AGGRESSIVE;
				GCC_WARN_UNUSED_FUNCTION = YES;
				GCC_WARN_UNUSED_VARIABLE = YES;
				IPHONEOS_DEPLOYMENT_TARGET = 9.3;
				MTL_ENABLE_DEBUG_INFO = YES;
				ONLY_ACTIVE_ARCH = YES;
				SDKROOT = iphoneos;
			};
			name = Debug;
		};
		818005C41CEF08690063DA43 /* Release */ = {
			isa = XCBuildConfiguration;
			buildSettings = {
				ALWAYS_SEARCH_USER_PATHS = NO;
				CLANG_ANALYZER_NONNULL = YES;
				CLANG_CXX_LANGUAGE_STANDARD = "gnu++0x";
				CLANG_CXX_LIBRARY = "libc++";
				CLANG_ENABLE_MODULES = YES;
				CLANG_ENABLE_OBJC_ARC = YES;
				CLANG_WARN_BOOL_CONVERSION = YES;
				CLANG_WARN_CONSTANT_CONVERSION = YES;
				CLANG_WARN_DIRECT_OBJC_ISA_USAGE = YES_ERROR;
				CLANG_WARN_EMPTY_BODY = YES;
				CLANG_WARN_ENUM_CONVERSION = YES;
				CLANG_WARN_INT_CONVERSION = YES;
				CLANG_WARN_OBJC_ROOT_CLASS = YES_ERROR;
				CLANG_WARN_UNREACHABLE_CODE = YES;
				CLANG_WARN__DUPLICATE_METHOD_MATCH = YES;
				"CODE_SIGN_IDENTITY[sdk=iphoneos*]" = "iPhone Developer";
				COPY_PHASE_STRIP = NO;
				DEBUG_INFORMATION_FORMAT = "dwarf-with-dsym";
				ENABLE_NS_ASSERTIONS = NO;
				ENABLE_STRICT_OBJC_MSGSEND = YES;
				GCC_C_LANGUAGE_STANDARD = gnu99;
				GCC_NO_COMMON_BLOCKS = YES;
				GCC_WARN_64_TO_32_BIT_CONVERSION = YES;
				GCC_WARN_ABOUT_RETURN_TYPE = YES_ERROR;
				GCC_WARN_UNDECLARED_SELECTOR = YES;
				GCC_WARN_UNINITIALIZED_AUTOS = YES_AGGRESSIVE;
				GCC_WARN_UNUSED_FUNCTION = YES;
				GCC_WARN_UNUSED_VARIABLE = YES;
				IPHONEOS_DEPLOYMENT_TARGET = 9.3;
				MTL_ENABLE_DEBUG_INFO = NO;
				SDKROOT = iphoneos;
				VALIDATE_PRODUCT = YES;
			};
			name = Release;
		};
		818005C61CEF08690063DA43 /* Debug */ = {
			isa = XCBuildConfiguration;
			baseConfigurationReference = E6B6CDCDA568CFD42BB263B1 /* Pods.debug.xcconfig */;
			buildSettings = {
				ASSETCATALOG_COMPILER_APPICON_NAME = AppIcon;
				INFOPLIST_FILE = SPADManagerExample/Info.plist;
				LD_RUNPATH_SEARCH_PATHS = "$(inherited) @executable_path/Frameworks";
				PRODUCT_BUNDLE_IDENTIFIER = com.google.example.BannerExample;
				PRODUCT_NAME = "$(TARGET_NAME)";
			};
			name = Debug;
		};
		818005C71CEF08690063DA43 /* Release */ = {
			isa = XCBuildConfiguration;
			baseConfigurationReference = 392CC609B7B8152D4F4312E1 /* Pods.release.xcconfig */;
			buildSettings = {
				ASSETCATALOG_COMPILER_APPICON_NAME = AppIcon;
				INFOPLIST_FILE = SPADManagerExample/Info.plist;
				LD_RUNPATH_SEARCH_PATHS = "$(inherited) @executable_path/Frameworks";
				PRODUCT_BUNDLE_IDENTIFIER = com.google.example.BannerExample;
				PRODUCT_NAME = "$(TARGET_NAME)";
			};
			name = Release;
		};
/* End XCBuildConfiguration section */

/* Begin XCConfigurationList section */
		818005A91CEF08690063DA43 /* Build configuration list for PBXProject "SPADManagerExample" */ = {
			isa = XCConfigurationList;
			buildConfigurations = (
				818005C31CEF08690063DA43 /* Debug */,
				818005C41CEF08690063DA43 /* Release */,
			);
			defaultConfigurationIsVisible = 0;
			defaultConfigurationName = Release;
		};
		818005C51CEF08690063DA43 /* Build configuration list for PBXNativeTarget "SPADManagerExample" */ = {
			isa = XCConfigurationList;
			buildConfigurations = (
				818005C61CEF08690063DA43 /* Debug */,
				818005C71CEF08690063DA43 /* Release */,
			);
			defaultConfigurationIsVisible = 0;
			defaultConfigurationName = Release;
		};
/* End XCConfigurationList section */
	};
	rootObject = 818005A61CEF08690063DA43 /* Project object */;
}
